
Microsoft Visual Studio Solution File, Format Version 12.00
# Visual Studio Version 16
VisualStudioVersion = 16.0.32228.343
MinimumVisualStudioVersion = 10.0.40219.1
Project("{FAE04EC0-301F-11D3-BF4B-00C04F79EFBC}") = "BTLON.Net", "BTLON.Net\BTLON.Net.csproj", "{76B1B16D-1C52-44FF-82DB-7EEAE3EA1C02}"
EndProject
Global
	GlobalSection(SolutionConfigurationPlatforms) = preSolution
		Debug|Any CPU = Debug|Any CPU
		Release|Any CPU = Release|Any CPU
	EndGlobalSection
	GlobalSection(ProjectConfigurationPlatforms) = postSolution
		{76B1B16D-1C52-44FF-82DB-7EEAE3EA1C02}.Debug|Any CPU.ActiveCfg = Debug|Any CPU
		{76B1B16D-1C52-44FF-82DB-7EEAE3EA1C02}.Debug|Any CPU.Build.0 = Debug|Any CPU
		{76B1B16D-1C52-44FF-82DB-7EEAE3EA1C02}.Release|Any CPU.ActiveCfg = Release|Any CPU
		{76B1B16D-1C52-44FF-82DB-7EEAE3EA1C02}.Release|Any CPU.Build.0 = Release|Any CPU
	EndGlobalSection
	GlobalSection(SolutionProperties) = preSolution
		HideSolutionNode = FALSE
	EndGlobalSection
	GlobalSection(ExtensibilityGlobals) = postSolution
		SolutionGuid = {0A86133F-722E-4577-94C4-6E0218D36401}
	EndGlobalSection
EndGlobal
